
Microsoft Visual Studio Solution File, Format Version 12.00
# Visual Studio Version 17
VisualStudioVersion = 17.6.33723.286
MinimumVisualStudioVersion = 10.0.40219.1
Project("{9A19103F-16F7-4668-BE54-9A1E7A4F7556}") = "NBPExchangeRates", "NBPExchangeRates.csproj", "{52C81127-1276-4090-B4B5-6C571709F11D}"
EndProject
Global
	GlobalSection(SolutionConfigurationPlatforms) = preSolution
		Debug|Any CPU = Debug|Any CPU
		Release|Any CPU = Release|Any CPU
	EndGlobalSection
	GlobalSection(ProjectConfigurationPlatforms) = postSolution
		{52C81127-1276-4090-B4B5-6C571709F11D}.Debug|Any CPU.ActiveCfg = Debug|Any CPU
		{52C81127-1276-4090-B4B5-6C571709F11D}.Debug|Any CPU.Build.0 = Debug|Any CPU
		{52C81127-1276-4090-B4B5-6C571709F11D}.Release|Any CPU.ActiveCfg = Release|Any CPU
		{52C81127-1276-4090-B4B5-6C571709F11D}.Release|Any CPU.Build.0 = Release|Any CPU
	EndGlobalSection
	GlobalSection(SolutionProperties) = preSolution
		HideSolutionNode = FALSE
	EndGlobalSection
	GlobalSection(ExtensibilityGlobals) = postSolution
		SolutionGuid = {9D77055C-81A2-4DA3-B5F4-2BD108CFFD4D}
	EndGlobalSection
EndGlobal
